
Microsoft Visual Studio Solution File, Format Version 12.00
# Visual Studio 14
VisualStudioVersion = 14.0.25123.0
MinimumVisualStudioVersion = 10.0.40219.1
Project("{A07B5EB6-E848-4116-A8D0-A826331D98C6}") = "SFGameOfLife", "SFGameOfLife\SFGameOfLife.sfproj", "{77AE5D46-FC4E-44C1-92EA-021C1F64ADB2}"
EndProject
Project("{FAE04EC0-301F-11D3-BF4B-00C04F79EFBC}") = "CellActor", "CellActor\CellActor.csproj", "{E0EE7794-649B-4A38-A424-344DB76757D0}"
EndProject
Project("{FAE04EC0-301F-11D3-BF4B-00C04F79EFBC}") = "CellActor.Interfaces", "CellActor.Interfaces\CellActor.Interfaces.csproj", "{A8F416B1-2901-41FF-8198-901E9AD831C5}"
EndProject
Project("{FAE04EC0-301F-11D3-BF4B-00C04F79EFBC}") = "GameOfLifeModel", "GameOfLifeModel\GameOfLifeModel.csproj", "{ADDE7487-10CC-427B-857E-44110D564E97}"
EndProject
Project("{FAE04EC0-301F-11D3-BF4B-00C04F79EFBC}") = "OrchestrationActor", "OrchestrationActor\OrchestrationActor.csproj", "{4E9ADC79-94B4-4405-B192-16E305FE7CC7}"
EndProject
Project("{FAE04EC0-301F-11D3-BF4B-00C04F79EFBC}") = "OrchestrationActor.Interfaces", "OrchestrationActor.Interfaces\OrchestrationActor.Interfaces.csproj", "{59BB702C-B796-4378-8178-B9D37F708674}"
EndProject
Project("{FAE04EC0-301F-11D3-BF4B-00C04F79EFBC}") = "GameOfLifeAPI", "GameOfLifeAPI\GameOfLifeAPI.csproj", "{DBF8FDC6-A5DA-4223-83BC-8FF196F03428}"
EndProject
Project("{FAE04EC0-301F-11D3-BF4B-00C04F79EFBC}") = "GameOfLifeVisualizer", "GameOfLifeVisualizer\GameOfLifeVisualizer.csproj", "{992277A8-C6E0-477B-A5B2-0E52A313F04F}"
EndProject
Global
	GlobalSection(SolutionConfigurationPlatforms) = preSolution
		Debug|Any CPU = Debug|Any CPU
		Debug|x64 = Debug|x64
		Release|Any CPU = Release|Any CPU
		Release|x64 = Release|x64
	EndGlobalSection
	GlobalSection(ProjectConfigurationPlatforms) = postSolution
		{77AE5D46-FC4E-44C1-92EA-021C1F64ADB2}.Debug|Any CPU.ActiveCfg = Debug|x64
		{77AE5D46-FC4E-44C1-92EA-021C1F64ADB2}.Debug|Any CPU.Build.0 = Debug|x64
		{77AE5D46-FC4E-44C1-92EA-021C1F64ADB2}.Debug|Any CPU.Deploy.0 = Debug|x64
		{77AE5D46-FC4E-44C1-92EA-021C1F64ADB2}.Debug|x64.ActiveCfg = Debug|x64
		{77AE5D46-FC4E-44C1-92EA-021C1F64ADB2}.Debug|x64.Build.0 = Debug|x64
		{77AE5D46-FC4E-44C1-92EA-021C1F64ADB2}.Debug|x64.Deploy.0 = Debug|x64
		{77AE5D46-FC4E-44C1-92EA-021C1F64ADB2}.Release|Any CPU.ActiveCfg = Release|x64
		{77AE5D46-FC4E-44C1-92EA-021C1F64ADB2}.Release|x64.ActiveCfg = Release|x64
		{77AE5D46-FC4E-44C1-92EA-021C1F64ADB2}.Release|x64.Build.0 = Release|x64
		{77AE5D46-FC4E-44C1-92EA-021C1F64ADB2}.Release|x64.Deploy.0 = Release|x64
		{E0EE7794-649B-4A38-A424-344DB76757D0}.Debug|Any CPU.ActiveCfg = Debug|x64
		{E0EE7794-649B-4A38-A424-344DB76757D0}.Debug|Any CPU.Build.0 = Debug|x64
		{E0EE7794-649B-4A38-A424-344DB76757D0}.Debug|x64.ActiveCfg = Debug|x64
		{E0EE7794-649B-4A38-A424-344DB76757D0}.Debug|x64.Build.0 = Debug|x64
		{E0EE7794-649B-4A38-A424-344DB76757D0}.Release|Any CPU.ActiveCfg = Release|x64
		{E0EE7794-649B-4A38-A424-344DB76757D0}.Release|x64.ActiveCfg = Release|x64
		{E0EE7794-649B-4A38-A424-344DB76757D0}.Release|x64.Build.0 = Release|x64
		{A8F416B1-2901-41FF-8198-901E9AD831C5}.Debug|Any CPU.ActiveCfg = Debug|x64
		{A8F416B1-2901-41FF-8198-901E9AD831C5}.Debug|Any CPU.Build.0 = Debug|x64
		{A8F416B1-2901-41FF-8198-901E9AD831C5}.Debug|x64.ActiveCfg = Debug|x64
		{A8F416B1-2901-41FF-8198-901E9AD831C5}.Debug|x64.Build.0 = Debug|x64
		{A8F416B1-2901-41FF-8198-901E9AD831C5}.Release|Any CPU.ActiveCfg = Release|x64
		{A8F416B1-2901-41FF-8198-901E9AD831C5}.Release|x64.ActiveCfg = Release|x64
		{A8F416B1-2901-41FF-8198-901E9AD831C5}.Release|x64.Build.0 = Release|x64
		{ADDE7487-10CC-427B-857E-44110D564E97}.Debug|Any CPU.ActiveCfg = Debug|Any CPU
		{ADDE7487-10CC-427B-857E-44110D564E97}.Debug|Any CPU.Build.0 = Debug|Any CPU
		{ADDE7487-10CC-427B-857E-44110D564E97}.Debug|x64.ActiveCfg = Debug|Any CPU
		{ADDE7487-10CC-427B-857E-44110D564E97}.Debug|x64.Build.0 = Debug|Any CPU
		{ADDE7487-10CC-427B-857E-44110D564E97}.Release|Any CPU.ActiveCfg = Release|Any CPU
		{ADDE7487-10CC-427B-857E-44110D564E97}.Release|Any CPU.Build.0 = Release|Any CPU
		{ADDE7487-10CC-427B-857E-44110D564E97}.Release|x64.ActiveCfg = Release|Any CPU
		{ADDE7487-10CC-427B-857E-44110D564E97}.Release|x64.Build.0 = Release|Any CPU
		{4E9ADC79-94B4-4405-B192-16E305FE7CC7}.Debug|Any CPU.ActiveCfg = Debug|x64
		{4E9ADC79-94B4-4405-B192-16E305FE7CC7}.Debug|Any CPU.Build.0 = Debug|x64
		{4E9ADC79-94B4-4405-B192-16E305FE7CC7}.Debug|x64.ActiveCfg = Debug|x64
		{4E9ADC79-94B4-4405-B192-16E305FE7CC7}.Debug|x64.Build.0 = Debug|x64
		{4E9ADC79-94B4-4405-B192-16E305FE7CC7}.Release|Any CPU.ActiveCfg = Release|x64
		{4E9ADC79-94B4-4405-B192-16E305FE7CC7}.Release|x64.ActiveCfg = Release|x64
		{4E9ADC79-94B4-4405-B192-16E305FE7CC7}.Release|x64.Build.0 = Release|x64
		{59BB702C-B796-4378-8178-B9D37F708674}.Debug|Any CPU.ActiveCfg = Debug|x64
		{59BB702C-B796-4378-8178-B9D37F708674}.Debug|Any CPU.Build.0 = Debug|x64
		{59BB702C-B796-4378-8178-B9D37F708674}.Debug|x64.ActiveCfg = Debug|x64
		{59BB702C-B796-4378-8178-B9D37F708674}.Debug|x64.Build.0 = Debug|x64
		{59BB702C-B796-4378-8178-B9D37F708674}.Release|Any CPU.ActiveCfg = Release|x64
		{59BB702C-B796-4378-8178-B9D37F708674}.Release|x64.ActiveCfg = Release|x64
		{59BB702C-B796-4378-8178-B9D37F708674}.Release|x64.Build.0 = Release|x64
		{DBF8FDC6-A5DA-4223-83BC-8FF196F03428}.Debug|Any CPU.ActiveCfg = Debug|x64
		{DBF8FDC6-A5DA-4223-83BC-8FF196F03428}.Debug|x64.ActiveCfg = Debug|x64
		{DBF8FDC6-A5DA-4223-83BC-8FF196F03428}.Debug|x64.Build.0 = Debug|x64
		{DBF8FDC6-A5DA-4223-83BC-8FF196F03428}.Release|Any CPU.ActiveCfg = Release|x64
		{DBF8FDC6-A5DA-4223-83BC-8FF196F03428}.Release|x64.ActiveCfg = Release|x64
		{DBF8FDC6-A5DA-4223-83BC-8FF196F03428}.Release|x64.Build.0 = Release|x64
		{992277A8-C6E0-477B-A5B2-0E52A313F04F}.Debug|Any CPU.ActiveCfg = Debug|Any CPU
		{992277A8-C6E0-477B-A5B2-0E52A313F04F}.Debug|Any CPU.Build.0 = Debug|Any CPU
		{992277A8-C6E0-477B-A5B2-0E52A313F04F}.Debug|x64.ActiveCfg = Debug|Any CPU
		{992277A8-C6E0-477B-A5B2-0E52A313F04F}.Debug|x64.Build.0 = Debug|Any CPU
		{992277A8-C6E0-477B-A5B2-0E52A313F04F}.Release|Any CPU.ActiveCfg = Release|Any CPU
		{992277A8-C6E0-477B-A5B2-0E52A313F04F}.Release|Any CPU.Build.0 = Release|Any CPU
		{992277A8-C6E0-477B-A5B2-0E52A313F04F}.Release|x64.ActiveCfg = Release|Any CPU
		{992277A8-C6E0-477B-A5B2-0E52A313F04F}.Release|x64.Build.0 = Release|Any CPU
	EndGlobalSection
	GlobalSection(SolutionProperties) = preSolution
		HideSolutionNode = FALSE
	EndGlobalSection
EndGlobal
